
Microsoft Visual Studio Solution File, Format Version 11.00
# Visual Studio 2010
Project("{8BC9CEB8-8B4A-11D0-8D11-00A0C91BC942}") = "Week_cmdtest", "Week_cmdtest\Week_cmdtest.vcxproj", "{36CA5A24-4D4C-40E4-9C43-A5D8EAB60407}"
EndProject
Global
	GlobalSection(SolutionConfigurationPlatforms) = preSolution
		Debug|Win32 = Debug|Win32
		Release|Win32 = Release|Win32
	EndGlobalSection
	GlobalSection(ProjectConfigurationPlatforms) = postSolution
		{36CA5A24-4D4C-40E4-9C43-A5D8EAB60407}.Debug|Win32.ActiveCfg = Debug|Win32
		{36CA5A24-4D4C-40E4-9C43-A5D8EAB60407}.Debug|Win32.Build.0 = Debug|Win32
		{36CA5A24-4D4C-40E4-9C43-A5D8EAB60407}.Release|Win32.ActiveCfg = Release|Win32
		{36CA5A24-4D4C-40E4-9C43-A5D8EAB60407}.Release|Win32.Build.0 = Release|Win32
	EndGlobalSection
	GlobalSection(SolutionProperties) = preSolution
		HideSolutionNode = FALSE
	EndGlobalSection
EndGlobal
